
Microsoft Visual Studio Solution File, Format Version 12.00
# Visual Studio Version 17
VisualStudioVersion = 17.0.31903.59
MinimumVisualStudioVersion = 10.0.40219.1
Project("{FAE04EC0-301F-11D3-BF4B-00C04F79EFBC}") = "Trelnex.Core", "Trelnex.Core\Trelnex.Core.csproj", "{353FCD93-CC30-449A-84C6-842024D2623C}"
EndProject
Project("{FAE04EC0-301F-11D3-BF4B-00C04F79EFBC}") = "Trelnex.Core.Data", "Trelnex.Core.Data\Trelnex.Core.Data.csproj", "{4FADEE32-2440-4669-B154-69D95560372E}"
EndProject
Project("{FAE04EC0-301F-11D3-BF4B-00C04F79EFBC}") = "Trelnex.Core.Data.Tests", "Trelnex.Core.Data.Tests\Trelnex.Core.Data.Tests.csproj", "{3CEE881D-C04E-46A3-8905-7930973F75A9}"
EndProject
Project("{FAE04EC0-301F-11D3-BF4B-00C04F79EFBC}") = "Trelnex.Core.Api", "Trelnex.Core.Api\Trelnex.Core.Api.csproj", "{9DD0E385-14F1-4271-927D-42CC771D7907}"
EndProject
Project("{FAE04EC0-301F-11D3-BF4B-00C04F79EFBC}") = "Trelnex.Core.Api.Tests", "Trelnex.Core.Api.Tests\Trelnex.Core.Api.Tests.csproj", "{559D030F-AA70-40BE-92CF-2460127140F3}"
EndProject
Project("{FAE04EC0-301F-11D3-BF4B-00C04F79EFBC}") = "Trelnex.Core.Azure", "Trelnex.Core.Azure\Trelnex.Core.Azure.csproj", "{BB4E82FD-2739-473A-A77E-A37B04D7067A}"
EndProject
Project("{FAE04EC0-301F-11D3-BF4B-00C04F79EFBC}") = "Trelnex.Core.Azure.Tests", "Trelnex.Core.Azure.Tests\Trelnex.Core.Azure.Tests.csproj", "{99687561-562E-4729-A74B-6BA64123B6C8}"
EndProject
Project("{FAE04EC0-301F-11D3-BF4B-00C04F79EFBC}") = "Trelnex.Core.Amazon", "Trelnex.Core.Amazon\Trelnex.Core.Amazon.csproj", "{B368F6BF-F448-4900-A154-85FB7012460D}"
EndProject
Project("{FAE04EC0-301F-11D3-BF4B-00C04F79EFBC}") = "Trelnex.Core.Amazon.Tests", "Trelnex.Core.Amazon.Tests\Trelnex.Core.Amazon.Tests.csproj", "{406FB7AE-311F-4CA1-91EE-0DCD7595FA4D}"
EndProject
Project("{FAE04EC0-301F-11D3-BF4B-00C04F79EFBC}") = "Trelnex.Auth.Amazon", "Trelnex.Auth.Amazon\Trelnex.Auth.Amazon.csproj", "{79F0BAA2-FB34-4D4F-B413-32879CF7A983}"
EndProject
Project("{FAE04EC0-301F-11D3-BF4B-00C04F79EFBC}") = "Trelnex.Auth.Amazon.Tests", "Trelnex.Auth.Amazon.Tests\Trelnex.Auth.Amazon.Tests.csproj", "{13CC4508-D93B-4F4D-8C38-2959E1382007}"
EndProject
Project("{FAE04EC0-301F-11D3-BF4B-00C04F79EFBC}") = "Trelnex.Auth.Amazon.Client", "Trelnex.Auth.Amazon.Client\Trelnex.Auth.Amazon.Client.csproj", "{550D258B-1E24-4EDE-BDB9-B6015F323A5B}"
EndProject
Global
	GlobalSection(SolutionConfigurationPlatforms) = preSolution
		Debug|Any CPU = Debug|Any CPU
		Debug|x64 = Debug|x64
		Debug|x86 = Debug|x86
		Release|Any CPU = Release|Any CPU
		Release|x64 = Release|x64
		Release|x86 = Release|x86
	EndGlobalSection
	GlobalSection(ProjectConfigurationPlatforms) = postSolution
		{353FCD93-CC30-449A-84C6-842024D2623C}.Debug|Any CPU.ActiveCfg = Debug|Any CPU
		{353FCD93-CC30-449A-84C6-842024D2623C}.Debug|Any CPU.Build.0 = Debug|Any CPU
		{353FCD93-CC30-449A-84C6-842024D2623C}.Debug|x64.ActiveCfg = Debug|Any CPU
		{353FCD93-CC30-449A-84C6-842024D2623C}.Debug|x64.Build.0 = Debug|Any CPU
		{353FCD93-CC30-449A-84C6-842024D2623C}.Debug|x86.ActiveCfg = Debug|Any CPU
		{353FCD93-CC30-449A-84C6-842024D2623C}.Debug|x86.Build.0 = Debug|Any CPU
		{353FCD93-CC30-449A-84C6-842024D2623C}.Release|Any CPU.ActiveCfg = Release|Any CPU
		{353FCD93-CC30-449A-84C6-842024D2623C}.Release|Any CPU.Build.0 = Release|Any CPU
		{353FCD93-CC30-449A-84C6-842024D2623C}.Release|x64.ActiveCfg = Release|Any CPU
		{353FCD93-CC30-449A-84C6-842024D2623C}.Release|x64.Build.0 = Release|Any CPU
		{353FCD93-CC30-449A-84C6-842024D2623C}.Release|x86.ActiveCfg = Release|Any CPU
		{353FCD93-CC30-449A-84C6-842024D2623C}.Release|x86.Build.0 = Release|Any CPU
		{4FADEE32-2440-4669-B154-69D95560372E}.Debug|Any CPU.ActiveCfg = Debug|Any CPU
		{4FADEE32-2440-4669-B154-69D95560372E}.Debug|Any CPU.Build.0 = Debug|Any CPU
		{4FADEE32-2440-4669-B154-69D95560372E}.Debug|x64.ActiveCfg = Debug|Any CPU
		{4FADEE32-2440-4669-B154-69D95560372E}.Debug|x64.Build.0 = Debug|Any CPU
		{4FADEE32-2440-4669-B154-69D95560372E}.Debug|x86.ActiveCfg = Debug|Any CPU
		{4FADEE32-2440-4669-B154-69D95560372E}.Debug|x86.Build.0 = Debug|Any CPU
		{4FADEE32-2440-4669-B154-69D95560372E}.Release|Any CPU.ActiveCfg = Release|Any CPU
		{4FADEE32-2440-4669-B154-69D95560372E}.Release|Any CPU.Build.0 = Release|Any CPU
		{4FADEE32-2440-4669-B154-69D95560372E}.Release|x64.ActiveCfg = Release|Any CPU
		{4FADEE32-2440-4669-B154-69D95560372E}.Release|x64.Build.0 = Release|Any CPU
		{4FADEE32-2440-4669-B154-69D95560372E}.Release|x86.ActiveCfg = Release|Any CPU
		{4FADEE32-2440-4669-B154-69D95560372E}.Release|x86.Build.0 = Release|Any CPU
		{3CEE881D-C04E-46A3-8905-7930973F75A9}.Debug|Any CPU.ActiveCfg = Debug|Any CPU
		{3CEE881D-C04E-46A3-8905-7930973F75A9}.Debug|Any CPU.Build.0 = Debug|Any CPU
		{3CEE881D-C04E-46A3-8905-7930973F75A9}.Debug|x64.ActiveCfg = Debug|Any CPU
		{3CEE881D-C04E-46A3-8905-7930973F75A9}.Debug|x64.Build.0 = Debug|Any CPU
		{3CEE881D-C04E-46A3-8905-7930973F75A9}.Debug|x86.ActiveCfg = Debug|Any CPU
		{3CEE881D-C04E-46A3-8905-7930973F75A9}.Debug|x86.Build.0 = Debug|Any CPU
		{3CEE881D-C04E-46A3-8905-7930973F75A9}.Release|Any CPU.ActiveCfg = Release|Any CPU
		{3CEE881D-C04E-46A3-8905-7930973F75A9}.Release|Any CPU.Build.0 = Release|Any CPU
		{3CEE881D-C04E-46A3-8905-7930973F75A9}.Release|x64.ActiveCfg = Release|Any CPU
		{3CEE881D-C04E-46A3-8905-7930973F75A9}.Release|x64.Build.0 = Release|Any CPU
		{3CEE881D-C04E-46A3-8905-7930973F75A9}.Release|x86.ActiveCfg = Release|Any CPU
		{3CEE881D-C04E-46A3-8905-7930973F75A9}.Release|x86.Build.0 = Release|Any CPU
		{9DD0E385-14F1-4271-927D-42CC771D7907}.Debug|Any CPU.ActiveCfg = Debug|Any CPU
		{9DD0E385-14F1-4271-927D-42CC771D7907}.Debug|Any CPU.Build.0 = Debug|Any CPU
		{9DD0E385-14F1-4271-927D-42CC771D7907}.Debug|x64.ActiveCfg = Debug|Any CPU
		{9DD0E385-14F1-4271-927D-42CC771D7907}.Debug|x64.Build.0 = Debug|Any CPU
		{9DD0E385-14F1-4271-927D-42CC771D7907}.Debug|x86.ActiveCfg = Debug|Any CPU
		{9DD0E385-14F1-4271-927D-42CC771D7907}.Debug|x86.Build.0 = Debug|Any CPU
		{9DD0E385-14F1-4271-927D-42CC771D7907}.Release|Any CPU.ActiveCfg = Release|Any CPU
		{9DD0E385-14F1-4271-927D-42CC771D7907}.Release|Any CPU.Build.0 = Release|Any CPU
		{9DD0E385-14F1-4271-927D-42CC771D7907}.Release|x64.ActiveCfg = Release|Any CPU
		{9DD0E385-14F1-4271-927D-42CC771D7907}.Release|x64.Build.0 = Release|Any CPU
		{9DD0E385-14F1-4271-927D-42CC771D7907}.Release|x86.ActiveCfg = Release|Any CPU
		{9DD0E385-14F1-4271-927D-42CC771D7907}.Release|x86.Build.0 = Release|Any CPU
		{559D030F-AA70-40BE-92CF-2460127140F3}.Debug|Any CPU.ActiveCfg = Debug|Any CPU
		{559D030F-AA70-40BE-92CF-2460127140F3}.Debug|Any CPU.Build.0 = Debug|Any CPU
		{559D030F-AA70-40BE-92CF-2460127140F3}.Debug|x64.ActiveCfg = Debug|Any CPU
		{559D030F-AA70-40BE-92CF-2460127140F3}.Debug|x64.Build.0 = Debug|Any CPU
		{559D030F-AA70-40BE-92CF-2460127140F3}.Debug|x86.ActiveCfg = Debug|Any CPU
		{559D030F-AA70-40BE-92CF-2460127140F3}.Debug|x86.Build.0 = Debug|Any CPU
		{559D030F-AA70-40BE-92CF-2460127140F3}.Release|Any CPU.ActiveCfg = Release|Any CPU
		{559D030F-AA70-40BE-92CF-2460127140F3}.Release|Any CPU.Build.0 = Release|Any CPU
		{559D030F-AA70-40BE-92CF-2460127140F3}.Release|x64.ActiveCfg = Release|Any CPU
		{559D030F-AA70-40BE-92CF-2460127140F3}.Release|x64.Build.0 = Release|Any CPU
		{559D030F-AA70-40BE-92CF-2460127140F3}.Release|x86.ActiveCfg = Release|Any CPU
		{559D030F-AA70-40BE-92CF-2460127140F3}.Release|x86.Build.0 = Release|Any CPU
		{BB4E82FD-2739-473A-A77E-A37B04D7067A}.Debug|Any CPU.ActiveCfg = Debug|Any CPU
		{BB4E82FD-2739-473A-A77E-A37B04D7067A}.Debug|Any CPU.Build.0 = Debug|Any CPU
		{BB4E82FD-2739-473A-A77E-A37B04D7067A}.Debug|x64.ActiveCfg = Debug|Any CPU
		{BB4E82FD-2739-473A-A77E-A37B04D7067A}.Debug|x64.Build.0 = Debug|Any CPU
		{BB4E82FD-2739-473A-A77E-A37B04D7067A}.Debug|x86.ActiveCfg = Debug|Any CPU
		{BB4E82FD-2739-473A-A77E-A37B04D7067A}.Debug|x86.Build.0 = Debug|Any CPU
		{BB4E82FD-2739-473A-A77E-A37B04D7067A}.Release|Any CPU.ActiveCfg = Release|Any CPU
		{BB4E82FD-2739-473A-A77E-A37B04D7067A}.Release|Any CPU.Build.0 = Release|Any CPU
		{BB4E82FD-2739-473A-A77E-A37B04D7067A}.Release|x64.ActiveCfg = Release|Any CPU
		{BB4E82FD-2739-473A-A77E-A37B04D7067A}.Release|x64.Build.0 = Release|Any CPU
		{BB4E82FD-2739-473A-A77E-A37B04D7067A}.Release|x86.ActiveCfg = Release|Any CPU
		{BB4E82FD-2739-473A-A77E-A37B04D7067A}.Release|x86.Build.0 = Release|Any CPU
		{99687561-562E-4729-A74B-6BA64123B6C8}.Debug|Any CPU.ActiveCfg = Debug|Any CPU
		{99687561-562E-4729-A74B-6BA64123B6C8}.Debug|Any CPU.Build.0 = Debug|Any CPU
		{99687561-562E-4729-A74B-6BA64123B6C8}.Debug|x64.ActiveCfg = Debug|Any CPU
		{99687561-562E-4729-A74B-6BA64123B6C8}.Debug|x64.Build.0 = Debug|Any CPU
		{99687561-562E-4729-A74B-6BA64123B6C8}.Debug|x86.ActiveCfg = Debug|Any CPU
		{99687561-562E-4729-A74B-6BA64123B6C8}.Debug|x86.Build.0 = Debug|Any CPU
		{99687561-562E-4729-A74B-6BA64123B6C8}.Release|Any CPU.ActiveCfg = Release|Any CPU
		{99687561-562E-4729-A74B-6BA64123B6C8}.Release|Any CPU.Build.0 = Release|Any CPU
		{99687561-562E-4729-A74B-6BA64123B6C8}.Release|x64.ActiveCfg = Release|Any CPU
		{99687561-562E-4729-A74B-6BA64123B6C8}.Release|x64.Build.0 = Release|Any CPU
		{99687561-562E-4729-A74B-6BA64123B6C8}.Release|x86.ActiveCfg = Release|Any CPU
		{99687561-562E-4729-A74B-6BA64123B6C8}.Release|x86.Build.0 = Release|Any CPU
		{B368F6BF-F448-4900-A154-85FB7012460D}.Debug|Any CPU.ActiveCfg = Debug|Any CPU
		{B368F6BF-F448-4900-A154-85FB7012460D}.Debug|Any CPU.Build.0 = Debug|Any CPU
		{B368F6BF-F448-4900-A154-85FB7012460D}.Debug|x64.ActiveCfg = Debug|Any CPU
		{B368F6BF-F448-4900-A154-85FB7012460D}.Debug|x64.Build.0 = Debug|Any CPU
		{B368F6BF-F448-4900-A154-85FB7012460D}.Debug|x86.ActiveCfg = Debug|Any CPU
		{B368F6BF-F448-4900-A154-85FB7012460D}.Debug|x86.Build.0 = Debug|Any CPU
		{B368F6BF-F448-4900-A154-85FB7012460D}.Release|Any CPU.ActiveCfg = Release|Any CPU
		{B368F6BF-F448-4900-A154-85FB7012460D}.Release|Any CPU.Build.0 = Release|Any CPU
		{B368F6BF-F448-4900-A154-85FB7012460D}.Release|x64.ActiveCfg = Release|Any CPU
		{B368F6BF-F448-4900-A154-85FB7012460D}.Release|x64.Build.0 = Release|Any CPU
		{B368F6BF-F448-4900-A154-85FB7012460D}.Release|x86.ActiveCfg = Release|Any CPU
		{B368F6BF-F448-4900-A154-85FB7012460D}.Release|x86.Build.0 = Release|Any CPU
		{406FB7AE-311F-4CA1-91EE-0DCD7595FA4D}.Debug|Any CPU.ActiveCfg = Debug|Any CPU
		{406FB7AE-311F-4CA1-91EE-0DCD7595FA4D}.Debug|Any CPU.Build.0 = Debug|Any CPU
		{406FB7AE-311F-4CA1-91EE-0DCD7595FA4D}.Debug|x64.ActiveCfg = Debug|Any CPU
		{406FB7AE-311F-4CA1-91EE-0DCD7595FA4D}.Debug|x64.Build.0 = Debug|Any CPU
		{406FB7AE-311F-4CA1-91EE-0DCD7595FA4D}.Debug|x86.ActiveCfg = Debug|Any CPU
		{406FB7AE-311F-4CA1-91EE-0DCD7595FA4D}.Debug|x86.Build.0 = Debug|Any CPU
		{406FB7AE-311F-4CA1-91EE-0DCD7595FA4D}.Release|Any CPU.ActiveCfg = Release|Any CPU
		{406FB7AE-311F-4CA1-91EE-0DCD7595FA4D}.Release|Any CPU.Build.0 = Release|Any CPU
		{406FB7AE-311F-4CA1-91EE-0DCD7595FA4D}.Release|x64.ActiveCfg = Release|Any CPU
		{406FB7AE-311F-4CA1-91EE-0DCD7595FA4D}.Release|x64.Build.0 = Release|Any CPU
		{406FB7AE-311F-4CA1-91EE-0DCD7595FA4D}.Release|x86.ActiveCfg = Release|Any CPU
		{406FB7AE-311F-4CA1-91EE-0DCD7595FA4D}.Release|x86.Build.0 = Release|Any CPU
		{79F0BAA2-FB34-4D4F-B413-32879CF7A983}.Debug|Any CPU.ActiveCfg = Debug|Any CPU
		{79F0BAA2-FB34-4D4F-B413-32879CF7A983}.Debug|Any CPU.Build.0 = Debug|Any CPU
		{79F0BAA2-FB34-4D4F-B413-32879CF7A983}.Debug|x64.ActiveCfg = Debug|Any CPU
		{79F0BAA2-FB34-4D4F-B413-32879CF7A983}.Debug|x64.Build.0 = Debug|Any CPU
		{79F0BAA2-FB34-4D4F-B413-32879CF7A983}.Debug|x86.ActiveCfg = Debug|Any CPU
		{79F0BAA2-FB34-4D4F-B413-32879CF7A983}.Debug|x86.Build.0 = Debug|Any CPU
		{79F0BAA2-FB34-4D4F-B413-32879CF7A983}.Release|Any CPU.ActiveCfg = Release|Any CPU
		{79F0BAA2-FB34-4D4F-B413-32879CF7A983}.Release|Any CPU.Build.0 = Release|Any CPU
		{79F0BAA2-FB34-4D4F-B413-32879CF7A983}.Release|x64.ActiveCfg = Release|Any CPU
		{79F0BAA2-FB34-4D4F-B413-32879CF7A983}.Release|x64.Build.0 = Release|Any CPU
		{79F0BAA2-FB34-4D4F-B413-32879CF7A983}.Release|x86.ActiveCfg = Release|Any CPU
		{79F0BAA2-FB34-4D4F-B413-32879CF7A983}.Release|x86.Build.0 = Release|Any CPU
		{13CC4508-D93B-4F4D-8C38-2959E1382007}.Debug|Any CPU.ActiveCfg = Debug|Any CPU
		{13CC4508-D93B-4F4D-8C38-2959E1382007}.Debug|Any CPU.Build.0 = Debug|Any CPU
		{13CC4508-D93B-4F4D-8C38-2959E1382007}.Debug|x64.ActiveCfg = Debug|Any CPU
		{13CC4508-D93B-4F4D-8C38-2959E1382007}.Debug|x64.Build.0 = Debug|Any CPU
		{13CC4508-D93B-4F4D-8C38-2959E1382007}.Debug|x86.ActiveCfg = Debug|Any CPU
		{13CC4508-D93B-4F4D-8C38-2959E1382007}.Debug|x86.Build.0 = Debug|Any CPU
		{13CC4508-D93B-4F4D-8C38-2959E1382007}.Release|Any CPU.ActiveCfg = Release|Any CPU
		{13CC4508-D93B-4F4D-8C38-2959E1382007}.Release|Any CPU.Build.0 = Release|Any CPU
		{13CC4508-D93B-4F4D-8C38-2959E1382007}.Release|x64.ActiveCfg = Release|Any CPU
		{13CC4508-D93B-4F4D-8C38-2959E1382007}.Release|x64.Build.0 = Release|Any CPU
		{13CC4508-D93B-4F4D-8C38-2959E1382007}.Release|x86.ActiveCfg = Release|Any CPU
		{13CC4508-D93B-4F4D-8C38-2959E1382007}.Release|x86.Build.0 = Release|Any CPU
		{550D258B-1E24-4EDE-BDB9-B6015F323A5B}.Debug|Any CPU.ActiveCfg = Debug|Any CPU
		{550D258B-1E24-4EDE-BDB9-B6015F323A5B}.Debug|Any CPU.Build.0 = Debug|Any CPU
		{550D258B-1E24-4EDE-BDB9-B6015F323A5B}.Debug|x64.ActiveCfg = Debug|Any CPU
		{550D258B-1E24-4EDE-BDB9-B6015F323A5B}.Debug|x64.Build.0 = Debug|Any CPU
		{550D258B-1E24-4EDE-BDB9-B6015F323A5B}.Debug|x86.ActiveCfg = Debug|Any CPU
		{550D258B-1E24-4EDE-BDB9-B6015F323A5B}.Debug|x86.Build.0 = Debug|Any CPU
		{550D258B-1E24-4EDE-BDB9-B6015F323A5B}.Release|Any CPU.ActiveCfg = Release|Any CPU
		{550D258B-1E24-4EDE-BDB9-B6015F323A5B}.Release|Any CPU.Build.0 = Release|Any CPU
		{550D258B-1E24-4EDE-BDB9-B6015F323A5B}.Release|x64.ActiveCfg = Release|Any CPU
		{550D258B-1E24-4EDE-BDB9-B6015F323A5B}.Release|x64.Build.0 = Release|Any CPU
		{550D258B-1E24-4EDE-BDB9-B6015F323A5B}.Release|x86.ActiveCfg = Release|Any CPU
		{550D258B-1E24-4EDE-BDB9-B6015F323A5B}.Release|x86.Build.0 = Release|Any CPU
	EndGlobalSection
	GlobalSection(SolutionProperties) = preSolution
		HideSolutionNode = FALSE
	EndGlobalSection
EndGlobal
