
Microsoft Visual Studio Solution File, Format Version 12.00
# Visual Studio Version 17
VisualStudioVersion = 17.0.31903.59
MinimumVisualStudioVersion = 10.0.40219.1
Project("{FAE04EC0-301F-11D3-BF4B-00C04F79EFBC}") = "Trelnex.Core", "Trelnex.Core\Trelnex.Core.csproj", "{353FCD93-CC30-449A-84C6-842024D2623C}"
EndProject
Project("{FAE04EC0-301F-11D3-BF4B-00C04F79EFBC}") = "Trelnex.Core.Data", "Trelnex.Core.Data\Trelnex.Core.Data.csproj", "{4FADEE32-2440-4669-B154-69D95560372E}"
EndProject
Project("{FAE04EC0-301F-11D3-BF4B-00C04F79EFBC}") = "Trelnex.Core.Data.Tests", "Trelnex.Core.Data.Tests\Trelnex.Core.Data.Tests.csproj", "{3CEE881D-C04E-46A3-8905-7930973F75A9}"
EndProject
Global
	GlobalSection(SolutionConfigurationPlatforms) = preSolution
		Debug|Any CPU = Debug|Any CPU
		Release|Any CPU = Release|Any CPU
	EndGlobalSection
	GlobalSection(SolutionProperties) = preSolution
		HideSolutionNode = FALSE
	EndGlobalSection
	GlobalSection(ProjectConfigurationPlatforms) = postSolution
		{353FCD93-CC30-449A-84C6-842024D2623C}.Debug|Any CPU.ActiveCfg = Debug|Any CPU
		{353FCD93-CC30-449A-84C6-842024D2623C}.Debug|Any CPU.Build.0 = Debug|Any CPU
		{353FCD93-CC30-449A-84C6-842024D2623C}.Release|Any CPU.ActiveCfg = Release|Any CPU
		{353FCD93-CC30-449A-84C6-842024D2623C}.Release|Any CPU.Build.0 = Release|Any CPU
		{4FADEE32-2440-4669-B154-69D95560372E}.Debug|Any CPU.ActiveCfg = Debug|Any CPU
		{4FADEE32-2440-4669-B154-69D95560372E}.Debug|Any CPU.Build.0 = Debug|Any CPU
		{4FADEE32-2440-4669-B154-69D95560372E}.Release|Any CPU.ActiveCfg = Release|Any CPU
		{4FADEE32-2440-4669-B154-69D95560372E}.Release|Any CPU.Build.0 = Release|Any CPU
		{3CEE881D-C04E-46A3-8905-7930973F75A9}.Debug|Any CPU.ActiveCfg = Debug|Any CPU
		{3CEE881D-C04E-46A3-8905-7930973F75A9}.Debug|Any CPU.Build.0 = Debug|Any CPU
		{3CEE881D-C04E-46A3-8905-7930973F75A9}.Release|Any CPU.ActiveCfg = Release|Any CPU
		{3CEE881D-C04E-46A3-8905-7930973F75A9}.Release|Any CPU.Build.0 = Release|Any CPU
	EndGlobalSection
EndGlobal
